// !$*UTF8*$!
{
	archiveVersion = 1;
	classes = {
	};
	objectVersion = 46;
	objects = {

/* Begin PBXAggregateTarget section */
		24416B8111C4CA220047AFDD /* Build & Test */ = {
			isa = PBXAggregateTarget;
			buildConfigurationList = 24416B8A11C4CA520047AFDD /* Build configuration list for PBXAggregateTarget "Build & Test" */;
			buildPhases = (
				24416B8011C4CA220047AFDD /* ShellScript */,
			);
			dependencies = (
				24416B8511C4CA280047AFDD /* PBXTargetDependency */,
			);
			name = "Build & Test";
			productName = "Build & test";
		};
/* End PBXAggregateTarget section */

/* Begin PBXBuildFile section */
		24DD6CF91134B3F500162E58 /* ComDcodePhotoeditorAdobeModule.h in Headers */ = {isa = PBXBuildFile; fileRef = 24DD6CF71134B3F500162E58 /* ComDcodePhotoeditorAdobeModule.h */; };
		24DD6CFA1134B3F500162E58 /* ComDcodePhotoeditorAdobeModule.m in Sources */ = {isa = PBXBuildFile; fileRef = 24DD6CF81134B3F500162E58 /* ComDcodePhotoeditorAdobeModule.m */; };
		24DE9E1111C5FE74003F90F6 /* ComDcodePhotoeditorAdobeModuleAssets.h in Headers */ = {isa = PBXBuildFile; fileRef = 24DE9E0F11C5FE74003F90F6 /* ComDcodePhotoeditorAdobeModuleAssets.h */; };
		24DE9E1211C5FE74003F90F6 /* ComDcodePhotoeditorAdobeModuleAssets.m in Sources */ = {isa = PBXBuildFile; fileRef = 24DE9E1011C5FE74003F90F6 /* ComDcodePhotoeditorAdobeModuleAssets.m */; };
		495277851AA46ABD00BAA216 /* AdobePhotoEditorController.h in Headers */ = {isa = PBXBuildFile; fileRef = 495277831AA46ABD00BAA216 /* AdobePhotoEditorController.h */; };
		495277861AA46ABD00BAA216 /* AdobePhotoEditorController.m in Sources */ = {isa = PBXBuildFile; fileRef = 495277841AA46ABD00BAA216 /* AdobePhotoEditorController.m */; settings = {COMPILER_FLAGS = "-fobjc-arc"; }; };
		495277AA1AA6009000BAA216 /* AVFoundation.framework in Frameworks */ = {isa = PBXBuildFile; fileRef = 495277A91AA6009000BAA216 /* AVFoundation.framework */; };
		495277AC1AA6024900BAA216 /* ImageIO.framework in Frameworks */ = {isa = PBXBuildFile; fileRef = 495277AB1AA6024900BAA216 /* ImageIO.framework */; };
		495730391AA5427A004AE8DA /* LLSimpleCamera.h in Headers */ = {isa = PBXBuildFile; fileRef = 495730351AA5427A004AE8DA /* LLSimpleCamera.h */; };
		4957303A1AA5427A004AE8DA /* LLSimpleCamera.m in Sources */ = {isa = PBXBuildFile; fileRef = 495730361AA5427A004AE8DA /* LLSimpleCamera.m */; settings = {COMPILER_FLAGS = "-fobjc-arc"; }; };
		4957303B1AA5427A004AE8DA /* UIImage+FixOrientation.h in Headers */ = {isa = PBXBuildFile; fileRef = 495730371AA5427A004AE8DA /* UIImage+FixOrientation.h */; };
		4957303C1AA5427A004AE8DA /* UIImage+FixOrientation.m in Sources */ = {isa = PBXBuildFile; fileRef = 495730381AA5427A004AE8DA /* UIImage+FixOrientation.m */; settings = {COMPILER_FLAGS = "-fobjc-arc"; }; };
		495730441AA542CE004AE8DA /* UIImage+Crop.h in Headers */ = {isa = PBXBuildFile; fileRef = 4957303E1AA542CE004AE8DA /* UIImage+Crop.h */; };
		495730451AA542CE004AE8DA /* UIImage+Crop.m in Sources */ = {isa = PBXBuildFile; fileRef = 4957303F1AA542CE004AE8DA /* UIImage+Crop.m */; settings = {COMPILER_FLAGS = "-fobjc-arc"; }; };
		495730461AA542CE004AE8DA /* UIImage+Resize.h in Headers */ = {isa = PBXBuildFile; fileRef = 495730401AA542CE004AE8DA /* UIImage+Resize.h */; };
		495730471AA542CE004AE8DA /* UIImage+Resize.m in Sources */ = {isa = PBXBuildFile; fileRef = 495730411AA542CE004AE8DA /* UIImage+Resize.m */; settings = {COMPILER_FLAGS = "-fobjc-arc"; }; };
		495730481AA542CE004AE8DA /* ViewUtils.h in Headers */ = {isa = PBXBuildFile; fileRef = 495730421AA542CE004AE8DA /* ViewUtils.h */; };
		495730491AA542CE004AE8DA /* ViewUtils.m in Sources */ = {isa = PBXBuildFile; fileRef = 495730431AA542CE004AE8DA /* ViewUtils.m */; settings = {COMPILER_FLAGS = "-fobjc-arc"; }; };
		4957304C1AA5A6C3004AE8DA /* PhotoCameraViewController.h in Headers */ = {isa = PBXBuildFile; fileRef = 4957304A1AA5A6C3004AE8DA /* PhotoCameraViewController.h */; };
		4957304D1AA5A6C3004AE8DA /* PhotoCameraViewController.m in Sources */ = {isa = PBXBuildFile; fileRef = 4957304B1AA5A6C3004AE8DA /* PhotoCameraViewController.m */; settings = {COMPILER_FLAGS = "-fobjc-arc"; }; };
		4993603B1A9FB5FB00DCFB14 /* PhotoPickerController.h in Headers */ = {isa = PBXBuildFile; fileRef = 499360391A9FB5FB00DCFB14 /* PhotoPickerController.h */; };
		4993603C1A9FB5FB00DCFB14 /* PhotoPickerController.m in Sources */ = {isa = PBXBuildFile; fileRef = 4993603A1A9FB5FB00DCFB14 /* PhotoPickerController.m */; };
		49FC43341A9E1E2000D4A636 /* AdobeCreativeSDKFoundation.framework in Frameworks */ = {isa = PBXBuildFile; fileRef = 49FC43321A9E1E2000D4A636 /* AdobeCreativeSDKFoundation.framework */; };
		49FC43351A9E1E2000D4A636 /* AdobeCreativeSDKImage.framework in Frameworks */ = {isa = PBXBuildFile; fileRef = 49FC43331A9E1E2000D4A636 /* AdobeCreativeSDKImage.framework */; };
		49FC43391A9E8FCB00D4A636 /* Accelerate.framework in Frameworks */ = {isa = PBXBuildFile; fileRef = 49FC43361A9E8FCB00D4A636 /* Accelerate.framework */; };
		49FC433A1A9E8FCB00D4A636 /* CoreData.framework in Frameworks */ = {isa = PBXBuildFile; fileRef = 49FC43371A9E8FCB00D4A636 /* CoreData.framework */; };
		49FC433F1A9E908C00D4A636 /* MessageUI.framework in Frameworks */ = {isa = PBXBuildFile; fileRef = 49FC433E1A9E908C00D4A636 /* MessageUI.framework */; };
		49FC43411A9E90A400D4A636 /* QuartzCore.framework in Frameworks */ = {isa = PBXBuildFile; fileRef = 49FC43401A9E90A400D4A636 /* QuartzCore.framework */; };
		49FC43451A9E90D400D4A636 /* OpenGLES.framework in Frameworks */ = {isa = PBXBuildFile; fileRef = 49FC43441A9E90D400D4A636 /* OpenGLES.framework */; };
		49FC43471A9E911D00D4A636 /* StoreKit.framework in Frameworks */ = {isa = PBXBuildFile; fileRef = 49FC43461A9E911D00D4A636 /* StoreKit.framework */; };
		49FC43491A9E912900D4A636 /* MobileCoreServices.framework in Frameworks */ = {isa = PBXBuildFile; fileRef = 49FC43481A9E912900D4A636 /* MobileCoreServices.framework */; };
		AA747D9F0F9514B9006C5449 /* ComDcodePhotoeditorAdobe_Prefix.pch in Headers */ = {isa = PBXBuildFile; fileRef = AA747D9E0F9514B9006C5449 /* ComDcodePhotoeditorAdobe_Prefix.pch */; };
		AACBBE4A0F95108600F1A2B1 /* Foundation.framework in Frameworks */ = {isa = PBXBuildFile; fileRef = AACBBE490F95108600F1A2B1 /* Foundation.framework */; };
/* End PBXBuildFile section */

/* Begin PBXContainerItemProxy section */
		24416B8411C4CA280047AFDD /* PBXContainerItemProxy */ = {
			isa = PBXContainerItemProxy;
			containerPortal = 0867D690FE84028FC02AAC07 /* Project object */;
			proxyType = 1;
			remoteGlobalIDString = D2AAC07D0554694100DB518D;
			remoteInfo = "Photo Editor Adobe";
		};
/* End PBXContainerItemProxy section */

/* Begin PBXFileReference section */
		24DD6CF71134B3F500162E58 /* ComDcodePhotoeditorAdobeModule.h */ = {isa = PBXFileReference; fileEncoding = 4; lastKnownFileType = sourcecode.c.h; name = ComDcodePhotoeditorAdobeModule.h; path = Classes/ComDcodePhotoeditorAdobeModule.h; sourceTree = "<group>"; };
		24DD6CF81134B3F500162E58 /* ComDcodePhotoeditorAdobeModule.m */ = {isa = PBXFileReference; fileEncoding = 4; lastKnownFileType = sourcecode.c.objc; name = ComDcodePhotoeditorAdobeModule.m; path = Classes/ComDcodePhotoeditorAdobeModule.m; sourceTree = "<group>"; };
		24DD6D1B1134B66800162E58 /* titanium.xcconfig */ = {isa = PBXFileReference; fileEncoding = 4; lastKnownFileType = text.xcconfig; path = titanium.xcconfig; sourceTree = "<group>"; };
		24DE9E0F11C5FE74003F90F6 /* ComDcodePhotoeditorAdobeModuleAssets.h */ = {isa = PBXFileReference; fileEncoding = 4; lastKnownFileType = sourcecode.c.h; name = ComDcodePhotoeditorAdobeModuleAssets.h; path = Classes/ComDcodePhotoeditorAdobeModuleAssets.h; sourceTree = "<group>"; };
		24DE9E1011C5FE74003F90F6 /* ComDcodePhotoeditorAdobeModuleAssets.m */ = {isa = PBXFileReference; fileEncoding = 4; lastKnownFileType = sourcecode.c.objc; name = ComDcodePhotoeditorAdobeModuleAssets.m; path = Classes/ComDcodePhotoeditorAdobeModuleAssets.m; sourceTree = "<group>"; };
		495277831AA46ABD00BAA216 /* AdobePhotoEditorController.h */ = {isa = PBXFileReference; fileEncoding = 4; lastKnownFileType = sourcecode.c.h; name = AdobePhotoEditorController.h; path = Classes/AdobePhotoEditorController.h; sourceTree = "<group>"; };
		495277841AA46ABD00BAA216 /* AdobePhotoEditorController.m */ = {isa = PBXFileReference; fileEncoding = 4; lastKnownFileType = sourcecode.c.objc; name = AdobePhotoEditorController.m; path = Classes/AdobePhotoEditorController.m; sourceTree = "<group>"; };
		495277871AA46B4E00BAA216 /* module.xcconfig */ = {isa = PBXFileReference; fileEncoding = 4; lastKnownFileType = text.xcconfig; path = module.xcconfig; sourceTree = "<group>"; };
		495277A91AA6009000BAA216 /* AVFoundation.framework */ = {isa = PBXFileReference; lastKnownFileType = wrapper.framework; name = AVFoundation.framework; path = System/Library/Frameworks/AVFoundation.framework; sourceTree = SDKROOT; };
		495277AB1AA6024900BAA216 /* ImageIO.framework */ = {isa = PBXFileReference; lastKnownFileType = wrapper.framework; name = ImageIO.framework; path = System/Library/Frameworks/ImageIO.framework; sourceTree = SDKROOT; };
		495730351AA5427A004AE8DA /* LLSimpleCamera.h */ = {isa = PBXFileReference; fileEncoding = 4; lastKnownFileType = sourcecode.c.h; name = LLSimpleCamera.h; path = Classes/External/LLSimpleCamera/LLSimpleCamera/LLSimpleCamera.h; sourceTree = "<group>"; };
		495730361AA5427A004AE8DA /* LLSimpleCamera.m */ = {isa = PBXFileReference; fileEncoding = 4; lastKnownFileType = sourcecode.c.objc; name = LLSimpleCamera.m; path = Classes/External/LLSimpleCamera/LLSimpleCamera/LLSimpleCamera.m; sourceTree = "<group>"; };
		495730371AA5427A004AE8DA /* UIImage+FixOrientation.h */ = {isa = PBXFileReference; fileEncoding = 4; lastKnownFileType = sourcecode.c.h; name = "UIImage+FixOrientation.h"; path = "Classes/External/LLSimpleCamera/LLSimpleCamera/UIImage+FixOrientation.h"; sourceTree = "<group>"; };
		495730381AA5427A004AE8DA /* UIImage+FixOrientation.m */ = {isa = PBXFileReference; fileEncoding = 4; lastKnownFileType = sourcecode.c.objc; name = "UIImage+FixOrientation.m"; path = "Classes/External/LLSimpleCamera/LLSimpleCamera/UIImage+FixOrientation.m"; sourceTree = "<group>"; };
		4957303E1AA542CE004AE8DA /* UIImage+Crop.h */ = {isa = PBXFileReference; fileEncoding = 4; lastKnownFileType = sourcecode.c.h; name = "UIImage+Crop.h"; path = "Classes/External/LLSimpleCamera/LLSimpleCameraExample/UIImage+Crop.h"; sourceTree = "<group>"; };
		4957303F1AA542CE004AE8DA /* UIImage+Crop.m */ = {isa = PBXFileReference; fileEncoding = 4; lastKnownFileType = sourcecode.c.objc; name = "UIImage+Crop.m"; path = "Classes/External/LLSimpleCamera/LLSimpleCameraExample/UIImage+Crop.m"; sourceTree = "<group>"; };
		495730401AA542CE004AE8DA /* UIImage+Resize.h */ = {isa = PBXFileReference; fileEncoding = 4; lastKnownFileType = sourcecode.c.h; name = "UIImage+Resize.h"; path = "Classes/External/LLSimpleCamera/LLSimpleCameraExample/UIImage+Resize.h"; sourceTree = "<group>"; };
		495730411AA542CE004AE8DA /* UIImage+Resize.m */ = {isa = PBXFileReference; fileEncoding = 4; lastKnownFileType = sourcecode.c.objc; name = "UIImage+Resize.m"; path = "Classes/External/LLSimpleCamera/LLSimpleCameraExample/UIImage+Resize.m"; sourceTree = "<group>"; };
		495730421AA542CE004AE8DA /* ViewUtils.h */ = {isa = PBXFileReference; fileEncoding = 4; lastKnownFileType = sourcecode.c.h; name = ViewUtils.h; path = Classes/External/LLSimpleCamera/LLSimpleCameraExample/ViewUtils.h; sourceTree = "<group>"; };
		495730431AA542CE004AE8DA /* ViewUtils.m */ = {isa = PBXFileReference; fileEncoding = 4; lastKnownFileType = sourcecode.c.objc; name = ViewUtils.m; path = Classes/External/LLSimpleCamera/LLSimpleCameraExample/ViewUtils.m; sourceTree = "<group>"; };
		4957304A1AA5A6C3004AE8DA /* PhotoCameraViewController.h */ = {isa = PBXFileReference; fileEncoding = 4; lastKnownFileType = sourcecode.c.h; name = PhotoCameraViewController.h; path = Classes/PhotoCameraViewController.h; sourceTree = "<group>"; };
		4957304B1AA5A6C3004AE8DA /* PhotoCameraViewController.m */ = {isa = PBXFileReference; fileEncoding = 4; lastKnownFileType = sourcecode.c.objc; name = PhotoCameraViewController.m; path = Classes/PhotoCameraViewController.m; sourceTree = "<group>"; };
		499360391A9FB5FB00DCFB14 /* PhotoPickerController.h */ = {isa = PBXFileReference; fileEncoding = 4; lastKnownFileType = sourcecode.c.h; name = PhotoPickerController.h; path = Classes/PhotoPickerController.h; sourceTree = "<group>"; };
		4993603A1A9FB5FB00DCFB14 /* PhotoPickerController.m */ = {isa = PBXFileReference; fileEncoding = 4; lastKnownFileType = sourcecode.c.objc; name = PhotoPickerController.m; path = Classes/PhotoPickerController.m; sourceTree = "<group>"; };
		49FC43321A9E1E2000D4A636 /* AdobeCreativeSDKFoundation.framework */ = {isa = PBXFileReference; lastKnownFileType = wrapper.framework; name = AdobeCreativeSDKFoundation.framework; path = platform/AdobeCreativeSDKFoundation.framework; sourceTree = "<group>"; };
		49FC43331A9E1E2000D4A636 /* AdobeCreativeSDKImage.framework */ = {isa = PBXFileReference; lastKnownFileType = wrapper.framework; name = AdobeCreativeSDKImage.framework; path = platform/AdobeCreativeSDKImage.framework; sourceTree = "<group>"; };
		49FC43361A9E8FCB00D4A636 /* Accelerate.framework */ = {isa = PBXFileReference; lastKnownFileType = wrapper.framework; name = Accelerate.framework; path = System/Library/Frameworks/Accelerate.framework; sourceTree = SDKROOT; };
		49FC43371A9E8FCB00D4A636 /* CoreData.framework */ = {isa = PBXFileReference; lastKnownFileType = wrapper.framework; name = CoreData.framework; path = System/Library/Frameworks/CoreData.framework; sourceTree = SDKROOT; };
		49FC433E1A9E908C00D4A636 /* MessageUI.framework */ = {isa = PBXFileReference; lastKnownFileType = wrapper.framework; name = MessageUI.framework; path = System/Library/Frameworks/MessageUI.framework; sourceTree = SDKROOT; };
		49FC43401A9E90A400D4A636 /* QuartzCore.framework */ = {isa = PBXFileReference; lastKnownFileType = wrapper.framework; name = QuartzCore.framework; path = System/Library/Frameworks/QuartzCore.framework; sourceTree = SDKROOT; };
		49FC43441A9E90D400D4A636 /* OpenGLES.framework */ = {isa = PBXFileReference; lastKnownFileType = wrapper.framework; name = OpenGLES.framework; path = System/Library/Frameworks/OpenGLES.framework; sourceTree = SDKROOT; };
		49FC43461A9E911D00D4A636 /* StoreKit.framework */ = {isa = PBXFileReference; lastKnownFileType = wrapper.framework; name = StoreKit.framework; path = System/Library/Frameworks/StoreKit.framework; sourceTree = SDKROOT; };
		49FC43481A9E912900D4A636 /* MobileCoreServices.framework */ = {isa = PBXFileReference; lastKnownFileType = wrapper.framework; name = MobileCoreServices.framework; path = System/Library/Frameworks/MobileCoreServices.framework; sourceTree = SDKROOT; };
		AA747D9E0F9514B9006C5449 /* ComDcodePhotoeditorAdobe_Prefix.pch */ = {isa = PBXFileReference; fileEncoding = 4; lastKnownFileType = sourcecode.c.h; path = ComDcodePhotoeditorAdobe_Prefix.pch; sourceTree = SOURCE_ROOT; };
		AACBBE490F95108600F1A2B1 /* Foundation.framework */ = {isa = PBXFileReference; lastKnownFileType = wrapper.framework; name = Foundation.framework; path = System/Library/Frameworks/Foundation.framework; sourceTree = SDKROOT; };
		D2AAC07E0554694100DB518D /* libComDcodePhotoeditorAdobe.a */ = {isa = PBXFileReference; explicitFileType = archive.ar; includeInIndex = 0; path = libComDcodePhotoeditorAdobe.a; sourceTree = BUILT_PRODUCTS_DIR; };
/* End PBXFileReference section */

/* Begin PBXFrameworksBuildPhase section */
		D2AAC07C0554694100DB518D /* Frameworks */ = {
			isa = PBXFrameworksBuildPhase;
			buildActionMask = 2147483647;
			files = (
				495277AC1AA6024900BAA216 /* ImageIO.framework in Frameworks */,
				495277AA1AA6009000BAA216 /* AVFoundation.framework in Frameworks */,
				49FC43491A9E912900D4A636 /* MobileCoreServices.framework in Frameworks */,
				49FC43471A9E911D00D4A636 /* StoreKit.framework in Frameworks */,
				49FC43451A9E90D400D4A636 /* OpenGLES.framework in Frameworks */,
				49FC43411A9E90A400D4A636 /* QuartzCore.framework in Frameworks */,
				49FC433F1A9E908C00D4A636 /* MessageUI.framework in Frameworks */,
				49FC43391A9E8FCB00D4A636 /* Accelerate.framework in Frameworks */,
				49FC433A1A9E8FCB00D4A636 /* CoreData.framework in Frameworks */,
				AACBBE4A0F95108600F1A2B1 /* Foundation.framework in Frameworks */,
				49FC43351A9E1E2000D4A636 /* AdobeCreativeSDKImage.framework in Frameworks */,
				49FC43341A9E1E2000D4A636 /* AdobeCreativeSDKFoundation.framework in Frameworks */,
			);
			runOnlyForDeploymentPostprocessing = 0;
		};
/* End PBXFrameworksBuildPhase section */

/* Begin PBXGroup section */
		034768DFFF38A50411DB9C8B /* Products */ = {
			isa = PBXGroup;
			children = (
				D2AAC07E0554694100DB518D /* libComDcodePhotoeditorAdobe.a */,
			);
			name = Products;
			sourceTree = "<group>";
		};
		0867D691FE84028FC02AAC07 /* Photo Editor Adobe */ = {
			isa = PBXGroup;
			children = (
				08FB77AEFE84172EC02AAC07 /* Classes */,
				32C88DFF0371C24200C91783 /* Other Sources */,
				0867D69AFE84028FC02AAC07 /* Frameworks */,
				034768DFFF38A50411DB9C8B /* Products */,
			);
			name = "Photo Editor Adobe";
			sourceTree = "<group>";
		};
		0867D69AFE84028FC02AAC07 /* Frameworks */ = {
			isa = PBXGroup;
			children = (
				495277AB1AA6024900BAA216 /* ImageIO.framework */,
				495277A91AA6009000BAA216 /* AVFoundation.framework */,
				49FC43481A9E912900D4A636 /* MobileCoreServices.framework */,
				49FC43461A9E911D00D4A636 /* StoreKit.framework */,
				49FC43441A9E90D400D4A636 /* OpenGLES.framework */,
				49FC43401A9E90A400D4A636 /* QuartzCore.framework */,
				49FC433E1A9E908C00D4A636 /* MessageUI.framework */,
				49FC43361A9E8FCB00D4A636 /* Accelerate.framework */,
				49FC43371A9E8FCB00D4A636 /* CoreData.framework */,
				49FC43321A9E1E2000D4A636 /* AdobeCreativeSDKFoundation.framework */,
				49FC43331A9E1E2000D4A636 /* AdobeCreativeSDKImage.framework */,
				AACBBE490F95108600F1A2B1 /* Foundation.framework */,
			);
			name = Frameworks;
			sourceTree = "<group>";
		};
		08FB77AEFE84172EC02AAC07 /* Classes */ = {
			isa = PBXGroup;
			children = (
				4957303D1AA5428E004AE8DA /* Utilities */,
				495730321AA5422D004AE8DA /* External */,
				24DE9E0F11C5FE74003F90F6 /* ComDcodePhotoeditorAdobeModuleAssets.h */,
				24DE9E1011C5FE74003F90F6 /* ComDcodePhotoeditorAdobeModuleAssets.m */,
				24DD6CF71134B3F500162E58 /* ComDcodePhotoeditorAdobeModule.h */,
				24DD6CF81134B3F500162E58 /* ComDcodePhotoeditorAdobeModule.m */,
				499360391A9FB5FB00DCFB14 /* PhotoPickerController.h */,
				4993603A1A9FB5FB00DCFB14 /* PhotoPickerController.m */,
				495277831AA46ABD00BAA216 /* AdobePhotoEditorController.h */,
				495277841AA46ABD00BAA216 /* AdobePhotoEditorController.m */,
				4957304A1AA5A6C3004AE8DA /* PhotoCameraViewController.h */,
				4957304B1AA5A6C3004AE8DA /* PhotoCameraViewController.m */,
			);
			name = Classes;
			sourceTree = "<group>";
		};
		32C88DFF0371C24200C91783 /* Other Sources */ = {
			isa = PBXGroup;
			children = (
				495277871AA46B4E00BAA216 /* module.xcconfig */,
				AA747D9E0F9514B9006C5449 /* ComDcodePhotoeditorAdobe_Prefix.pch */,
				24DD6D1B1134B66800162E58 /* titanium.xcconfig */,
			);
			name = "Other Sources";
			sourceTree = "<group>";
		};
		495730321AA5422D004AE8DA /* External */ = {
			isa = PBXGroup;
			children = (
				495730331AA54241004AE8DA /* LLSimpleCamera */,
			);
			name = External;
			sourceTree = "<group>";
		};
		495730331AA54241004AE8DA /* LLSimpleCamera */ = {
			isa = PBXGroup;
			children = (
				495730351AA5427A004AE8DA /* LLSimpleCamera.h */,
				495730361AA5427A004AE8DA /* LLSimpleCamera.m */,
				495730371AA5427A004AE8DA /* UIImage+FixOrientation.h */,
				495730381AA5427A004AE8DA /* UIImage+FixOrientation.m */,
			);
			name = LLSimpleCamera;
			sourceTree = "<group>";
		};
		4957303D1AA5428E004AE8DA /* Utilities */ = {
			isa = PBXGroup;
			children = (
				4957303E1AA542CE004AE8DA /* UIImage+Crop.h */,
				4957303F1AA542CE004AE8DA /* UIImage+Crop.m */,
				495730401AA542CE004AE8DA /* UIImage+Resize.h */,
				495730411AA542CE004AE8DA /* UIImage+Resize.m */,
				495730421AA542CE004AE8DA /* ViewUtils.h */,
				495730431AA542CE004AE8DA /* ViewUtils.m */,
			);
			name = Utilities;
			sourceTree = "<group>";
		};
/* End PBXGroup section */

/* Begin PBXHeadersBuildPhase section */
		D2AAC07A0554694100DB518D /* Headers */ = {
			isa = PBXHeadersBuildPhase;
			buildActionMask = 2147483647;
			files = (
				4957303B1AA5427A004AE8DA /* UIImage+FixOrientation.h in Headers */,
				4957304C1AA5A6C3004AE8DA /* PhotoCameraViewController.h in Headers */,
				4993603B1A9FB5FB00DCFB14 /* PhotoPickerController.h in Headers */,
				495730461AA542CE004AE8DA /* UIImage+Resize.h in Headers */,
				495730441AA542CE004AE8DA /* UIImage+Crop.h in Headers */,
				495730391AA5427A004AE8DA /* LLSimpleCamera.h in Headers */,
				AA747D9F0F9514B9006C5449 /* ComDcodePhotoeditorAdobe_Prefix.pch in Headers */,
				495277851AA46ABD00BAA216 /* AdobePhotoEditorController.h in Headers */,
				495730481AA542CE004AE8DA /* ViewUtils.h in Headers */,
				24DD6CF91134B3F500162E58 /* ComDcodePhotoeditorAdobeModule.h in Headers */,
				24DE9E1111C5FE74003F90F6 /* ComDcodePhotoeditorAdobeModuleAssets.h in Headers */,
			);
			runOnlyForDeploymentPostprocessing = 0;
		};
/* End PBXHeadersBuildPhase section */

/* Begin PBXNativeTarget section */
		D2AAC07D0554694100DB518D /* Photo Editor Adobe */ = {
			isa = PBXNativeTarget;
			buildConfigurationList = 1DEB921E08733DC00010E9CD /* Build configuration list for PBXNativeTarget "Photo Editor Adobe" */;
			buildPhases = (
				D2AAC07A0554694100DB518D /* Headers */,
				D2AAC07B0554694100DB518D /* Sources */,
				D2AAC07C0554694100DB518D /* Frameworks */,
			);
			buildRules = (
			);
			dependencies = (
			);
			name = "Photo Editor Adobe";
			productName = "Photo Editor Adobe";
			productReference = D2AAC07E0554694100DB518D /* libComDcodePhotoeditorAdobe.a */;
			productType = "com.apple.product-type.library.static";
		};
/* End PBXNativeTarget section */

/* Begin PBXProject section */
		0867D690FE84028FC02AAC07 /* Project object */ = {
			isa = PBXProject;
			attributes = {
				LastUpgradeCheck = 0600;
			};
			buildConfigurationList = 1DEB922208733DC00010E9CD /* Build configuration list for PBXProject "Photo Editor Adobe" */;
			compatibilityVersion = "Xcode 3.2";
			developmentRegion = English;
			hasScannedForEncodings = 1;
			knownRegions = (
				English,
				Japanese,
				French,
				German,
			);
			mainGroup = 0867D691FE84028FC02AAC07 /* Photo Editor Adobe */;
			productRefGroup = 034768DFFF38A50411DB9C8B /* Products */;
			projectDirPath = "";
			projectRoot = "";
			targets = (
				D2AAC07D0554694100DB518D /* Photo Editor Adobe */,
				24416B8111C4CA220047AFDD /* Build & Test */,
			);
		};
/* End PBXProject section */

/* Begin PBXShellScriptBuildPhase section */
		24416B8011C4CA220047AFDD /* ShellScript */ = {
			isa = PBXShellScriptBuildPhase;
			buildActionMask = 2147483647;
			files = (
			);
			inputPaths = (
			);
			outputPaths = (
			);
			runOnlyForDeploymentPostprocessing = 0;
			shellPath = /bin/sh;
			shellScript = "# shell script goes here\n\npython \"${TITANIUM_SDK}/titanium.py\" run --dir=\"${PROJECT_DIR}\"\nexit $?\n";
		};
/* End PBXShellScriptBuildPhase section */

/* Begin PBXSourcesBuildPhase section */
		D2AAC07B0554694100DB518D /* Sources */ = {
			isa = PBXSourcesBuildPhase;
			buildActionMask = 2147483647;
			files = (
				495730451AA542CE004AE8DA /* UIImage+Crop.m in Sources */,
				4993603C1A9FB5FB00DCFB14 /* PhotoPickerController.m in Sources */,
				4957303A1AA5427A004AE8DA /* LLSimpleCamera.m in Sources */,
				4957303C1AA5427A004AE8DA /* UIImage+FixOrientation.m in Sources */,
				495730491AA542CE004AE8DA /* ViewUtils.m in Sources */,
				24DD6CFA1134B3F500162E58 /* ComDcodePhotoeditorAdobeModule.m in Sources */,
				495277861AA46ABD00BAA216 /* AdobePhotoEditorController.m in Sources */,
				4957304D1AA5A6C3004AE8DA /* PhotoCameraViewController.m in Sources */,
				24DE9E1211C5FE74003F90F6 /* ComDcodePhotoeditorAdobeModuleAssets.m in Sources */,
				495730471AA542CE004AE8DA /* UIImage+Resize.m in Sources */,
			);
			runOnlyForDeploymentPostprocessing = 0;
		};
/* End PBXSourcesBuildPhase section */

/* Begin PBXTargetDependency section */
		24416B8511C4CA280047AFDD /* PBXTargetDependency */ = {
			isa = PBXTargetDependency;
			target = D2AAC07D0554694100DB518D /* Photo Editor Adobe */;
			targetProxy = 24416B8411C4CA280047AFDD /* PBXContainerItemProxy */;
		};
/* End PBXTargetDependency section */

/* Begin XCBuildConfiguration section */
		1DEB921F08733DC00010E9CD /* Debug */ = {
			isa = XCBuildConfiguration;
			baseConfigurationReference = 24DD6D1B1134B66800162E58 /* titanium.xcconfig */;
			buildSettings = {
				CODE_SIGN_IDENTITY = "iPhone Developer";
				"CODE_SIGN_IDENTITY[sdk=iphoneos*]" = "iPhone Developer";
				DSTROOT = /tmp/ComDcodePhotoeditorAdobe.dst;
				FRAMEWORK_SEARCH_PATHS = (
					"$(inherited)",
					"$(PROJECT_DIR)",
					"$(PROJECT_DIR)/platform",
				);
				GCC_C_LANGUAGE_STANDARD = c99;
				GCC_OPTIMIZATION_LEVEL = 0;
				GCC_PRECOMPILE_PREFIX_HEADER = YES;
				GCC_PREFIX_HEADER = ComDcodePhotoeditorAdobe_Prefix.pch;
				GCC_PREPROCESSOR_DEFINITIONS = "TI_VERSION=$(TI_VERSION)";
				GCC_TREAT_WARNINGS_AS_ERRORS = NO;
				GCC_VERSION = "";
				GCC_WARN_ABOUT_RETURN_TYPE = NO;
				GCC_WARN_MISSING_PARENTHESES = NO;
				GCC_WARN_SHADOW = NO;
				GCC_WARN_STRICT_SELECTOR_MATCH = NO;
				GCC_WARN_UNUSED_FUNCTION = YES;
				GCC_WARN_UNUSED_PARAMETER = NO;
				GCC_WARN_UNUSED_VALUE = NO;
				GCC_WARN_UNUSED_VARIABLE = NO;
				INSTALL_PATH = /usr/local/lib;
				IPHONEOS_DEPLOYMENT_TARGET = 6.0;
				LIBRARY_SEARCH_PATHS = "";
				OTHER_CFLAGS = (
					"-DDEBUG",
					"-DTI_POST_1_2",
				);
				OTHER_LDFLAGS = "-ObjC";
				PRODUCT_NAME = ComDcodePhotoeditorAdobe;
				PROVISIONING_PROFILE = "";
				"PROVISIONING_PROFILE[sdk=iphoneos*]" = "";
				RUN_CLANG_STATIC_ANALYZER = NO;
				SDKROOT = iphoneos;
				USER_HEADER_SEARCH_PATHS = "";
			};
			name = Debug;
		};
		1DEB922008733DC00010E9CD /* Release */ = {
			isa = XCBuildConfiguration;
			baseConfigurationReference = 24DD6D1B1134B66800162E58 /* titanium.xcconfig */;
			buildSettings = {
				ALWAYS_SEARCH_USER_PATHS = NO;
				DSTROOT = /tmp/ComDcodePhotoeditorAdobe.dst;
				FRAMEWORK_SEARCH_PATHS = (
					"$(inherited)",
					"$(PROJECT_DIR)",
					"$(PROJECT_DIR)/platform",
				);
				GCC_C_LANGUAGE_STANDARD = c99;
				GCC_MODEL_TUNING = G5;
				GCC_PRECOMPILE_PREFIX_HEADER = YES;
				GCC_PREFIX_HEADER = ComDcodePhotoeditorAdobe_Prefix.pch;
				GCC_PREPROCESSOR_DEFINITIONS = "TI_VERSION=$(TI_VERSION)";
				GCC_TREAT_WARNINGS_AS_ERRORS = NO;
				GCC_VERSION = "";
				GCC_WARN_ABOUT_RETURN_TYPE = NO;
				GCC_WARN_MISSING_PARENTHESES = NO;
				GCC_WARN_SHADOW = NO;
				GCC_WARN_STRICT_SELECTOR_MATCH = NO;
				GCC_WARN_UNUSED_FUNCTION = YES;
				GCC_WARN_UNUSED_PARAMETER = NO;
				GCC_WARN_UNUSED_VALUE = NO;
				GCC_WARN_UNUSED_VARIABLE = NO;
				INSTALL_PATH = /usr/local/lib;
				IPHONEOS_DEPLOYMENT_TARGET = 6.0;
				LIBRARY_SEARCH_PATHS = "";
				OTHER_CFLAGS = "-DTI_POST_1_2";
				OTHER_LDFLAGS = "-ObjC";
				PRODUCT_NAME = ComDcodePhotoeditorAdobe;
				RUN_CLANG_STATIC_ANALYZER = NO;
				SDKROOT = iphoneos;
				USER_HEADER_SEARCH_PATHS = "";
			};
			name = Release;
		};
		1DEB922308733DC00010E9CD /* Debug */ = {
			isa = XCBuildConfiguration;
			baseConfigurationReference = 24DD6D1B1134B66800162E58 /* titanium.xcconfig */;
			buildSettings = {
				CLANG_CXX_LIBRARY = "libstdc++";
				CODE_SIGN_IDENTITY = "iPhone Developer";
				"CODE_SIGN_IDENTITY[sdk=iphoneos*]" = "iPhone Developer";
				DSTROOT = /tmp/ComDcodePhotoeditorAdobe.dst;
				GCC_C_LANGUAGE_STANDARD = c99;
				GCC_OPTIMIZATION_LEVEL = 0;
				GCC_PRECOMPILE_PREFIX_HEADER = YES;
				GCC_PREFIX_HEADER = ComDcodePhotoeditorAdobe_Prefix.pch;
				GCC_PREPROCESSOR_DEFINITIONS = "TI_VERSION=$(TI_VERSION)";
				GCC_TREAT_WARNINGS_AS_ERRORS = NO;
				GCC_VERSION = "";
				GCC_WARN_ABOUT_RETURN_TYPE = NO;
				GCC_WARN_MISSING_PARENTHESES = NO;
				GCC_WARN_SHADOW = NO;
				GCC_WARN_STRICT_SELECTOR_MATCH = NO;
				GCC_WARN_UNUSED_FUNCTION = YES;
				GCC_WARN_UNUSED_PARAMETER = NO;
				GCC_WARN_UNUSED_VALUE = NO;
				GCC_WARN_UNUSED_VARIABLE = NO;
				INSTALL_PATH = /usr/local/lib;
				ONLY_ACTIVE_ARCH = YES;
				OTHER_CFLAGS = (
					"-DDEBUG",
					"-DTI_POST_1_2",
				);
				OTHER_LDFLAGS = "-ObjC";
				PRODUCT_NAME = ComDcodePhotoeditorAdobe;
				PROVISIONING_PROFILE = "";
				"PROVISIONING_PROFILE[sdk=iphoneos*]" = "";
				RUN_CLANG_STATIC_ANALYZER = NO;
				SDKROOT = iphoneos;
				USER_HEADER_SEARCH_PATHS = "";
			};
			name = Debug;
		};
		1DEB922408733DC00010E9CD /* Release */ = {
			isa = XCBuildConfiguration;
			baseConfigurationReference = 24DD6D1B1134B66800162E58 /* titanium.xcconfig */;
			buildSettings = {
				ALWAYS_SEARCH_USER_PATHS = NO;
				CLANG_CXX_LIBRARY = "libstdc++";
				DSTROOT = /tmp/ComDcodePhotoeditorAdobe.dst;
				GCC_C_LANGUAGE_STANDARD = c99;
				GCC_MODEL_TUNING = G5;
				GCC_PRECOMPILE_PREFIX_HEADER = YES;
				GCC_PREFIX_HEADER = ComDcodePhotoeditorAdobe_Prefix.pch;
				GCC_PREPROCESSOR_DEFINITIONS = "TI_VERSION=$(TI_VERSION)";
				GCC_TREAT_WARNINGS_AS_ERRORS = NO;
				GCC_VERSION = "";
				GCC_WARN_ABOUT_RETURN_TYPE = NO;
				GCC_WARN_MISSING_PARENTHESES = NO;
				GCC_WARN_SHADOW = NO;
				GCC_WARN_STRICT_SELECTOR_MATCH = NO;
				GCC_WARN_UNUSED_FUNCTION = YES;
				GCC_WARN_UNUSED_PARAMETER = NO;
				GCC_WARN_UNUSED_VALUE = NO;
				GCC_WARN_UNUSED_VARIABLE = NO;
				INSTALL_PATH = /usr/local/lib;
				IPHONEOS_DEPLOYMENT_TARGET = 6.0;
				OTHER_CFLAGS = "-DTI_POST_1_2";
				OTHER_LDFLAGS = "-ObjC";
				PRODUCT_NAME = ComDcodePhotoeditorAdobe;
				RUN_CLANG_STATIC_ANALYZER = NO;
				SDKROOT = iphoneos;
				USER_HEADER_SEARCH_PATHS = "";
			};
			name = Release;
		};
		24416B8211C4CA220047AFDD /* Debug */ = {
			isa = XCBuildConfiguration;
			baseConfigurationReference = 24DD6D1B1134B66800162E58 /* titanium.xcconfig */;
			buildSettings = {
				COPY_PHASE_STRIP = NO;
				GCC_DYNAMIC_NO_PIC = NO;
				GCC_OPTIMIZATION_LEVEL = 0;
				PRODUCT_NAME = "Build & test";
			};
			name = Debug;
		};
		24416B8311C4CA220047AFDD /* Release */ = {
			isa = XCBuildConfiguration;
			baseConfigurationReference = 24DD6D1B1134B66800162E58 /* titanium.xcconfig */;
			buildSettings = {
				COPY_PHASE_STRIP = YES;
				DEBUG_INFORMATION_FORMAT = "dwarf-with-dsym";
				GCC_ENABLE_FIX_AND_CONTINUE = NO;
				PRODUCT_NAME = "Build & test";
				ZERO_LINK = NO;
			};
			name = Release;
		};
/* End XCBuildConfiguration section */

/* Begin XCConfigurationList section */
		1DEB921E08733DC00010E9CD /* Build configuration list for PBXNativeTarget "Photo Editor Adobe" */ = {
			isa = XCConfigurationList;
			buildConfigurations = (
				1DEB921F08733DC00010E9CD /* Debug */,
				1DEB922008733DC00010E9CD /* Release */,
			);
			defaultConfigurationIsVisible = 0;
			defaultConfigurationName = Release;
		};
		1DEB922208733DC00010E9CD /* Build configuration list for PBXProject "Photo Editor Adobe" */ = {
			isa = XCConfigurationList;
			buildConfigurations = (
				1DEB922308733DC00010E9CD /* Debug */,
				1DEB922408733DC00010E9CD /* Release */,
			);
			defaultConfigurationIsVisible = 0;
			defaultConfigurationName = Release;
		};
		24416B8A11C4CA520047AFDD /* Build configuration list for PBXAggregateTarget "Build & Test" */ = {
			isa = XCConfigurationList;
			buildConfigurations = (
				24416B8211C4CA220047AFDD /* Debug */,
				24416B8311C4CA220047AFDD /* Release */,
			);
			defaultConfigurationIsVisible = 0;
			defaultConfigurationName = Release;
		};
/* End XCConfigurationList section */
	};
	rootObject = 0867D690FE84028FC02AAC07 /* Project object */;
}
